{
  "version": "5",
  "specifiers": {
    "jsr:@deno/installer-shell-setup@*": "0.3.4"
  },
  "jsr": {
    "@deno/installer-shell-setup@0.3.4": {
      "integrity": "48665d1a737d487cce6874bc97bba70a5aeffa7053aca3f60df93c6fab8963b4"
    }
  },
  "workspace": {
    "dependencies": [
      "jsr:@deno/esbuild-plugin@^1.2.1",
      "jsr:@std/assert@^1.0.19",
      "jsr:@std/fs@^1.0.24",
      "jsr:@std/jsonc@^1.0.2",
      "jsr:@std/path@^1.1.6",
      "jsr:@std/testing@^1.0.20",
      "npm:esbuild@~0.28.2"
    ],
    "members": {
      "packages/server": {
        "dependencies": [
          "jsr:@std/http@^1.1.3"
        ]
      },
      "packages/utils": {
        "dependencies": [
          "jsr:@std/assert@^1.0.19",
          "jsr:@std/fs@^1.0.24",
          "jsr:@std/jsonc@^1.0.2",
          "jsr:@std/path@^1.1.6",
          "jsr:@std/testing@^1.0.20"
        ]
      }
    }
  }
}
